
Microsoft Visual Studio Solution File, Format Version 12.00
# Visual Studio Version 17
VisualStudioVersion = 17.5.33502.453
MinimumVisualStudioVersion = 10.0.40219.1
Project("{FAE04EC0-301F-11D3-BF4B-00C04F79EFBC}") = "BankAcountNS", "Lab-Testing\BankAcountNS.csproj", "{65C520AF-5D48-4E9D-A02D-56ACBDF7E6A5}"
EndProject
Project("{FAE04EC0-301F-11D3-BF4B-00C04F79EFBC}") = "BankTests", "BankTests\BankTests.csproj", "{6904DC6B-F74C-4E11-86D6-B74D290B9323}"
EndProject
Global
	GlobalSection(SolutionConfigurationPlatforms) = preSolution
		Debug|Any CPU = Debug|Any CPU
		Release|Any CPU = Release|Any CPU
	EndGlobalSection
	GlobalSection(ProjectConfigurationPlatforms) = postSolution
		{65C520AF-5D48-4E9D-A02D-56ACBDF7E6A5}.Debug|Any CPU.ActiveCfg = Debug|Any CPU
		{65C520AF-5D48-4E9D-A02D-56ACBDF7E6A5}.Debug|Any CPU.Build.0 = Debug|Any CPU
		{65C520AF-5D48-4E9D-A02D-56ACBDF7E6A5}.Release|Any CPU.ActiveCfg = Release|Any CPU
		{65C520AF-5D48-4E9D-A02D-56ACBDF7E6A5}.Release|Any CPU.Build.0 = Release|Any CPU
		{6904DC6B-F74C-4E11-86D6-B74D290B9323}.Debug|Any CPU.ActiveCfg = Debug|Any CPU
		{6904DC6B-F74C-4E11-86D6-B74D290B9323}.Debug|Any CPU.Build.0 = Debug|Any CPU
		{6904DC6B-F74C-4E11-86D6-B74D290B9323}.Release|Any CPU.ActiveCfg = Release|Any CPU
		{6904DC6B-F74C-4E11-86D6-B74D290B9323}.Release|Any CPU.Build.0 = Release|Any CPU
	EndGlobalSection
	GlobalSection(SolutionProperties) = preSolution
		HideSolutionNode = FALSE
	EndGlobalSection
	GlobalSection(ExtensibilityGlobals) = postSolution
		SolutionGuid = {6594F299-C03A-443F-970B-78741F4CBA77}
	EndGlobalSection
EndGlobal
